
Microsoft Visual Studio Solution File, Format Version 12.00
# Visual Studio Version 16
VisualStudioVersion = 16.0.31911.196
MinimumVisualStudioVersion = 10.0.40219.1
Project("{FAE04EC0-301F-11D3-BF4B-00C04F79EFBC}") = "LibraryManagement", "LibraryManagement\LibraryManagement.csproj", "{EB11C821-72A5-40BA-B46E-4DA8A8F047A3}"
EndProject
Global
	GlobalSection(SolutionConfigurationPlatforms) = preSolution
		Debug|Any CPU = Debug|Any CPU
		Release|Any CPU = Release|Any CPU
	EndGlobalSection
	GlobalSection(ProjectConfigurationPlatforms) = postSolution
		{EB11C821-72A5-40BA-B46E-4DA8A8F047A3}.Debug|Any CPU.ActiveCfg = Debug|Any CPU
		{EB11C821-72A5-40BA-B46E-4DA8A8F047A3}.Debug|Any CPU.Build.0 = Debug|Any CPU
		{EB11C821-72A5-40BA-B46E-4DA8A8F047A3}.Release|Any CPU.ActiveCfg = Release|Any CPU
		{EB11C821-72A5-40BA-B46E-4DA8A8F047A3}.Release|Any CPU.Build.0 = Release|Any CPU
	EndGlobalSection
	GlobalSection(SolutionProperties) = preSolution
		HideSolutionNode = FALSE
	EndGlobalSection
	GlobalSection(ExtensibilityGlobals) = postSolution
		SolutionGuid = {D35D5285-6DDE-4C27-9EE2-3F92746C8FCD}
	EndGlobalSection
EndGlobal
